
Microsoft Visual Studio Solution File, Format Version 12.00
# Visual Studio 15
VisualStudioVersion = 15.0.27130.2026
MinimumVisualStudioVersion = 10.0.40219.1
Project("{888888A0-9F3D-457C-B088-3A5042F75D52}") = "wiki", "wiki.pyproj", "{0D7C11D7-B72E-45E8-9C90-8CD3489EB954}"
EndProject
Global
	GlobalSection(SolutionConfigurationPlatforms) = preSolution
		Debug|Any CPU = Debug|Any CPU
		Release|Any CPU = Release|Any CPU
	EndGlobalSection
	GlobalSection(ProjectConfigurationPlatforms) = postSolution
		{0D7C11D7-B72E-45E8-9C90-8CD3489EB954}.Debug|Any CPU.ActiveCfg = Debug|Any CPU
		{0D7C11D7-B72E-45E8-9C90-8CD3489EB954}.Debug|Any CPU.Build.0 = Debug|Any CPU
		{0D7C11D7-B72E-45E8-9C90-8CD3489EB954}.Release|Any CPU.ActiveCfg = Release|Any CPU
		{0D7C11D7-B72E-45E8-9C90-8CD3489EB954}.Release|Any CPU.Build.0 = Release|Any CPU
	EndGlobalSection
	GlobalSection(SolutionProperties) = preSolution
		HideSolutionNode = FALSE
	EndGlobalSection
	GlobalSection(ExtensibilityGlobals) = postSolution
		SolutionGuid = {DF71444D-FE06-4857-B2A5-B63679325464}
	EndGlobalSection
EndGlobal
